// !$*UTF8*$!
{
	archiveVersion = 1;
	classes = {
	};
	objectVersion = 50;
	objects = {

/* Begin PBXBuildFile section */
		066508342209DE05008AF04A /* CrimeData.cpp in Sources */ = {isa = PBXBuildFile; fileRef = 066508332209DE05008AF04A /* CrimeData.cpp */; };
		066508362209DE16008AF04A /* Music.cpp in Sources */ = {isa = PBXBuildFile; fileRef = 066508352209DE16008AF04A /* Music.cpp */; };
		0665083C2209DFAF008AF04A /* Timer.cpp in Sources */ = {isa = PBXBuildFile; fileRef = 0665083A2209DFAF008AF04A /* Timer.cpp */; };
		06B366BB21FF5E2600AC4449 /* Controller.cpp in Sources */ = {isa = PBXBuildFile; fileRef = 06B366B921FF5E2600AC4449 /* Controller.cpp */; };
		06B366BD21FF5EC400AC4449 /* Runner.cpp in Sources */ = {isa = PBXBuildFile; fileRef = 06B366BC21FF5EC400AC4449 /* Runner.cpp */; };
/* End PBXBuildFile section */

/* Begin PBXCopyFilesBuildPhase section */
		06B366A721FF5C0000AC4449 /* CopyFiles */ = {
			isa = PBXCopyFilesBuildPhase;
			buildActionMask = 2147483647;
			dstPath = /usr/share/man/man1/;
			dstSubfolderSpec = 0;
			files = (
			);
			runOnlyForDeploymentPostprocessing = 1;
		};
/* End PBXCopyFilesBuildPhase section */

/* Begin PBXFileReference section */
		066508312209DDB8008AF04A /* Music.hpp */ = {isa = PBXFileReference; lastKnownFileType = sourcecode.cpp.h; path = Music.hpp; sourceTree = "<group>"; };
		066508322209DDDA008AF04A /* CrimeData.hpp */ = {isa = PBXFileReference; lastKnownFileType = sourcecode.cpp.h; path = CrimeData.hpp; sourceTree = "<group>"; };
		066508332209DE05008AF04A /* CrimeData.cpp */ = {isa = PBXFileReference; fileEncoding = 4; lastKnownFileType = sourcecode.cpp.cpp; path = CrimeData.cpp; sourceTree = "<group>"; };
		066508352209DE16008AF04A /* Music.cpp */ = {isa = PBXFileReference; fileEncoding = 4; lastKnownFileType = sourcecode.cpp.cpp; path = Music.cpp; sourceTree = "<group>"; };
		066508372209DE28008AF04A /* crime.csv */ = {isa = PBXFileReference; lastKnownFileType = text; path = crime.csv; sourceTree = "<group>"; };
		066508382209DE5C008AF04A /* music.csv */ = {isa = PBXFileReference; lastKnownFileType = text; path = music.csv; sourceTree = "<group>"; };
		0665083A2209DFAF008AF04A /* Timer.cpp */ = {isa = PBXFileReference; lastKnownFileType = sourcecode.cpp.cpp; path = Timer.cpp; sourceTree = "<group>"; };
		0665083B2209DFAF008AF04A /* Timer.hpp */ = {isa = PBXFileReference; lastKnownFileType = sourcecode.cpp.h; path = Timer.hpp; sourceTree = "<group>"; };
		06B366A921FF5C0000AC4449 /* DataStructure */ = {isa = PBXFileReference; explicitFileType = "compiled.mach-o.executable"; includeInIndex = 0; path = DataStructure; sourceTree = BUILT_PRODUCTS_DIR; };
		06B366B821FF5E0600AC4449 /* Umlet1.png */ = {isa = PBXFileReference; lastKnownFileType = image.png; path = Umlet1.png; sourceTree = "<group>"; };
		06B366B921FF5E2600AC4449 /* Controller.cpp */ = {isa = PBXFileReference; lastKnownFileType = sourcecode.cpp.cpp; path = Controller.cpp; sourceTree = "<group>"; };
		06B366BA21FF5E2600AC4449 /* Controller.hpp */ = {isa = PBXFileReference; lastKnownFileType = sourcecode.cpp.h; path = Controller.hpp; sourceTree = "<group>"; };
		06B366BC21FF5EC400AC4449 /* Runner.cpp */ = {isa = PBXFileReference; lastKnownFileType = sourcecode.cpp.cpp; path = Runner.cpp; sourceTree = "<group>"; };
		06B366BE21FF60D300AC4449 /* Node.hpp */ = {isa = PBXFileReference; lastKnownFileType = sourcecode.cpp.h; path = Node.hpp; sourceTree = "<group>"; };
		06E5D96E220C84F600A19B77 /* List.hpp */ = {isa = PBXFileReference; lastKnownFileType = sourcecode.cpp.h; path = List.hpp; sourceTree = "<group>"; };
		06E5D96F220C863500A19B77 /* LinearNode.hpp */ = {isa = PBXFileReference; lastKnownFileType = sourcecode.cpp.h; path = LinearNode.hpp; sourceTree = "<group>"; };
/* End PBXFileReference section */

/* Begin PBXFrameworksBuildPhase section */
		06B366A621FF5C0000AC4449 /* Frameworks */ = {
			isa = PBXFrameworksBuildPhase;
			buildActionMask = 2147483647;
			files = (
			);
			runOnlyForDeploymentPostprocessing = 0;
		};
/* End PBXFrameworksBuildPhase section */

/* Begin PBXGroup section */
		066508302209DDA7008AF04A /* Timer */ = {
			isa = PBXGroup;
			children = (
				0665083A2209DFAF008AF04A /* Timer.cpp */,
				0665083B2209DFAF008AF04A /* Timer.hpp */,
			);
			path = Timer;
			sourceTree = "<group>";
		};
		0665083D2209E580008AF04A /* Tools */ = {
			isa = PBXGroup;
			children = (
				066508302209DDA7008AF04A /* Timer */,
			);
			path = Tools;
			sourceTree = "<group>";
		};
		06B366A021FF5C0000AC4449 = {
			isa = PBXGroup;
			children = (
				06B366AB21FF5C0000AC4449 /* DataStructure */,
				06B366AA21FF5C0000AC4449 /* Products */,
			);
			sourceTree = "<group>";
		};
		06B366AA21FF5C0000AC4449 /* Products */ = {
			isa = PBXGroup;
			children = (
				06B366A921FF5C0000AC4449 /* DataStructure */,
			);
			name = Products;
			sourceTree = "<group>";
		};
		06B366AB21FF5C0000AC4449 /* DataStructure */ = {
			isa = PBXGroup;
			children = (
				06B366B621FF5D3200AC4449 /* Resources */,
				06B366B521FF5D2400AC4449 /* Diagrams */,
				06B366B421FF5D1B00AC4449 /* Controller */,
				06B366B321FF5CBB00AC4449 /* Model */,
			);
			path = DataStructure;
			sourceTree = "<group>";
		};
		06B366B321FF5CBB00AC4449 /* Model */ = {
			isa = PBXGroup;
			children = (
				06E5D96D220C840500A19B77 /* Nodes */,
				06E5D96C220C83FE00A19B77 /* Linear */,
			);
			path = Model;
			sourceTree = "<group>";
		};
		06B366B421FF5D1B00AC4449 /* Controller */ = {
			isa = PBXGroup;
			children = (
				06B366BA21FF5E2600AC4449 /* Controller.hpp */,
				06B366B921FF5E2600AC4449 /* Controller.cpp */,
				06B366BC21FF5EC400AC4449 /* Runner.cpp */,
				06E5D96B220C83C000A19B77 /* Resources */,
				0665083D2209E580008AF04A /* Tools */,
			);
			path = Controller;
			sourceTree = "<group>";
		};
		06B366B521FF5D2400AC4449 /* Diagrams */ = {
			isa = PBXGroup;
			children = (
				06B366B821FF5E0600AC4449 /* Umlet1.png */,
			);
			path = Diagrams;
			sourceTree = "<group>";
		};
		06B366B621FF5D3200AC4449 /* Resources */ = {
			isa = PBXGroup;
			children = (
			);
			path = Resources;
			sourceTree = "<group>";
		};
		06E5D96B220C83C000A19B77 /* Resources */ = {
			isa = PBXGroup;
			children = (
				066508382209DE5C008AF04A /* music.csv */,
				066508312209DDB8008AF04A /* Music.hpp */,
				066508352209DE16008AF04A /* Music.cpp */,
				066508372209DE28008AF04A /* crime.csv */,
				066508332209DE05008AF04A /* CrimeData.cpp */,
				066508322209DDDA008AF04A /* CrimeData.hpp */,
			);
			path = Resources;
			sourceTree = "<group>";
		};
		06E5D96C220C83FE00A19B77 /* Linear */ = {
			isa = PBXGroup;
			children = (
				06E5D96E220C84F600A19B77 /* List.hpp */,
			);
			path = Linear;
			sourceTree = "<group>";
		};
		06E5D96D220C840500A19B77 /* Nodes */ = {
			isa = PBXGroup;
			children = (
				06B366BE21FF60D300AC4449 /* Node.hpp */,
				06E5D96F220C863500A19B77 /* LinearNode.hpp */,
			);
			path = Nodes;
			sourceTree = "<group>";
		};
/* End PBXGroup section */

/* Begin PBXNativeTarget section */
		06B366A821FF5C0000AC4449 /* DataStructure */ = {
			isa = PBXNativeTarget;
			buildConfigurationList = 06B366B021FF5C0000AC4449 /* Build configuration list for PBXNativeTarget "DataStructure" */;
			buildPhases = (
				06B366A521FF5C0000AC4449 /* Sources */,
				06B366A621FF5C0000AC4449 /* Frameworks */,
				06B366A721FF5C0000AC4449 /* CopyFiles */,
			);
			buildRules = (
			);
			dependencies = (
			);
			name = DataStructure;
			productName = DataStructure;
			productReference = 06B366A921FF5C0000AC4449 /* DataStructure */;
			productType = "com.apple.product-type.tool";
		};
/* End PBXNativeTarget section */

/* Begin PBXProject section */
		06B366A121FF5C0000AC4449 /* Project object */ = {
			isa = PBXProject;
			attributes = {
				LastUpgradeCheck = 1000;
				ORGANIZATIONNAME = CTEC;
				TargetAttributes = {
					06B366A821FF5C0000AC4449 = {
						CreatedOnToolsVersion = 10.0;
					};
				};
			};
			buildConfigurationList = 06B366A421FF5C0000AC4449 /* Build configuration list for PBXProject "DataStructure" */;
			compatibilityVersion = "Xcode 9.3";
			developmentRegion = en;
			hasScannedForEncodings = 0;
			knownRegions = (
				en,
			);
			mainGroup = 06B366A021FF5C0000AC4449;
			productRefGroup = 06B366AA21FF5C0000AC4449 /* Products */;
			projectDirPath = "";
			projectRoot = "";
			targets = (
				06B366A821FF5C0000AC4449 /* DataStructure */,
			);
		};
/* End PBXProject section */

/* Begin PBXSourcesBuildPhase section */
		06B366A521FF5C0000AC4449 /* Sources */ = {
			isa = PBXSourcesBuildPhase;
			buildActionMask = 2147483647;
			files = (
				06B366BD21FF5EC400AC4449 /* Runner.cpp in Sources */,
				066508342209DE05008AF04A /* CrimeData.cpp in Sources */,
				0665083C2209DFAF008AF04A /* Timer.cpp in Sources */,
				06B366BB21FF5E2600AC4449 /* Controller.cpp in Sources */,
				066508362209DE16008AF04A /* Music.cpp in Sources */,
			);
			runOnlyForDeploymentPostprocessing = 0;
		};
/* End PBXSourcesBuildPhase section */

/* Begin XCBuildConfiguration section */
		06B366AE21FF5C0000AC4449 /* Debug */ = {
			isa = XCBuildConfiguration;
			buildSettings = {
				ALWAYS_SEARCH_USER_PATHS = NO;
				CLANG_ANALYZER_NONNULL = YES;
				CLANG_ANALYZER_NUMBER_OBJECT_CONVERSION = YES_AGGRESSIVE;
				CLANG_CXX_LANGUAGE_STANDARD = "gnu++14";
				CLANG_CXX_LIBRARY = "libc++";
				CLANG_ENABLE_MODULES = YES;
				CLANG_ENABLE_OBJC_ARC = YES;
				CLANG_ENABLE_OBJC_WEAK = YES;
				CLANG_WARN_BLOCK_CAPTURE_AUTORELEASING = YES;
				CLANG_WARN_BOOL_CONVERSION = YES;
				CLANG_WARN_COMMA = YES;
				CLANG_WARN_CONSTANT_CONVERSION = YES;
				CLANG_WARN_DEPRECATED_OBJC_IMPLEMENTATIONS = YES;
				CLANG_WARN_DIRECT_OBJC_ISA_USAGE = YES_ERROR;
				CLANG_WARN_DOCUMENTATION_COMMENTS = YES;
				CLANG_WARN_EMPTY_BODY = YES;
				CLANG_WARN_ENUM_CONVERSION = YES;
				CLANG_WARN_INFINITE_RECURSION = YES;
				CLANG_WARN_INT_CONVERSION = YES;
				CLANG_WARN_NON_LITERAL_NULL_CONVERSION = YES;
				CLANG_WARN_OBJC_IMPLICIT_RETAIN_SELF = YES;
				CLANG_WARN_OBJC_LITERAL_CONVERSION = YES;
				CLANG_WARN_OBJC_ROOT_CLASS = YES_ERROR;
				CLANG_WARN_RANGE_LOOP_ANALYSIS = YES;
				CLANG_WARN_STRICT_PROTOTYPES = YES;
				CLANG_WARN_SUSPICIOUS_MOVE = YES;
				CLANG_WARN_UNGUARDED_AVAILABILITY = YES_AGGRESSIVE;
				CLANG_WARN_UNREACHABLE_CODE = YES;
				CLANG_WARN__DUPLICATE_METHOD_MATCH = YES;
				CODE_SIGN_IDENTITY = "-";
				COPY_PHASE_STRIP = NO;
				DEBUG_INFORMATION_FORMAT = dwarf;
				ENABLE_STRICT_OBJC_MSGSEND = YES;
				ENABLE_TESTABILITY = YES;
				GCC_C_LANGUAGE_STANDARD = gnu11;
				GCC_DYNAMIC_NO_PIC = NO;
				GCC_NO_COMMON_BLOCKS = YES;
				GCC_OPTIMIZATION_LEVEL = 0;
				GCC_PREPROCESSOR_DEFINITIONS = (
					"DEBUG=1",
					"$(inherited)",
				);
				GCC_WARN_64_TO_32_BIT_CONVERSION = YES;
				GCC_WARN_ABOUT_RETURN_TYPE = YES_ERROR;
				GCC_WARN_UNDECLARED_SELECTOR = YES;
				GCC_WARN_UNINITIALIZED_AUTOS = YES_AGGRESSIVE;
				GCC_WARN_UNUSED_FUNCTION = YES;
				GCC_WARN_UNUSED_VARIABLE = YES;
				MACOSX_DEPLOYMENT_TARGET = 10.13;
				MTL_ENABLE_DEBUG_INFO = INCLUDE_SOURCE;
				MTL_FAST_MATH = YES;
				ONLY_ACTIVE_ARCH = YES;
				SDKROOT = macosx;
			};
			name = Debug;
		};
		06B366AF21FF5C0000AC4449 /* Release */ = {
			isa = XCBuildConfiguration;
			buildSettings = {
				ALWAYS_SEARCH_USER_PATHS = NO;
				CLANG_ANALYZER_NONNULL = YES;
				CLANG_ANALYZER_NUMBER_OBJECT_CONVERSION = YES_AGGRESSIVE;
				CLANG_CXX_LANGUAGE_STANDARD = "gnu++14";
				CLANG_CXX_LIBRARY = "libc++";
				CLANG_ENABLE_MODULES = YES;
				CLANG_ENABLE_OBJC_ARC = YES;
				CLANG_ENABLE_OBJC_WEAK = YES;
				CLANG_WARN_BLOCK_CAPTURE_AUTORELEASING = YES;
				CLANG_WARN_BOOL_CONVERSION = YES;
				CLANG_WARN_COMMA = YES;
				CLANG_WARN_CONSTANT_CONVERSION = YES;
				CLANG_WARN_DEPRECATED_OBJC_IMPLEMENTATIONS = YES;
				CLANG_WARN_DIRECT_OBJC_ISA_USAGE = YES_ERROR;
				CLANG_WARN_DOCUMENTATION_COMMENTS = YES;
				CLANG_WARN_EMPTY_BODY = YES;
				CLANG_WARN_ENUM_CONVERSION = YES;
				CLANG_WARN_INFINITE_RECURSION = YES;
				CLANG_WARN_INT_CONVERSION = YES;
				CLANG_WARN_NON_LITERAL_NULL_CONVERSION = YES;
				CLANG_WARN_OBJC_IMPLICIT_RETAIN_SELF = YES;
				CLANG_WARN_OBJC_LITERAL_CONVERSION = YES;
				CLANG_WARN_OBJC_ROOT_CLASS = YES_ERROR;
				CLANG_WARN_RANGE_LOOP_ANALYSIS = YES;
				CLANG_WARN_STRICT_PROTOTYPES = YES;
				CLANG_WARN_SUSPICIOUS_MOVE = YES;
				CLANG_WARN_UNGUARDED_AVAILABILITY = YES_AGGRESSIVE;
				CLANG_WARN_UNREACHABLE_CODE = YES;
				CLANG_WARN__DUPLICATE_METHOD_MATCH = YES;
				CODE_SIGN_IDENTITY = "-";
				COPY_PHASE_STRIP = NO;
				DEBUG_INFORMATION_FORMAT = "dwarf-with-dsym";
				ENABLE_NS_ASSERTIONS = NO;
				ENABLE_STRICT_OBJC_MSGSEND = YES;
				GCC_C_LANGUAGE_STANDARD = gnu11;
				GCC_NO_COMMON_BLOCKS = YES;
				GCC_WARN_64_TO_32_BIT_CONVERSION = YES;
				GCC_WARN_ABOUT_RETURN_TYPE = YES_ERROR;
				GCC_WARN_UNDECLARED_SELECTOR = YES;
				GCC_WARN_UNINITIALIZED_AUTOS = YES_AGGRESSIVE;
				GCC_WARN_UNUSED_FUNCTION = YES;
				GCC_WARN_UNUSED_VARIABLE = YES;
				MACOSX_DEPLOYMENT_TARGET = 10.13;
				MTL_ENABLE_DEBUG_INFO = NO;
				MTL_FAST_MATH = YES;
				SDKROOT = macosx;
			};
			name = Release;
		};
		06B366B121FF5C0000AC4449 /* Debug */ = {
			isa = XCBuildConfiguration;
			buildSettings = {
				CODE_SIGN_STYLE = Automatic;
				PRODUCT_NAME = "$(TARGET_NAME)";
			};
			name = Debug;
		};
		06B366B221FF5C0000AC4449 /* Release */ = {
			isa = XCBuildConfiguration;
			buildSettings = {
				CODE_SIGN_STYLE = Automatic;
				PRODUCT_NAME = "$(TARGET_NAME)";
			};
			name = Release;
		};
/* End XCBuildConfiguration section */

/* Begin XCConfigurationList section */
		06B366A421FF5C0000AC4449 /* Build configuration list for PBXProject "DataStructure" */ = {
			isa = XCConfigurationList;
			buildConfigurations = (
				06B366AE21FF5C0000AC4449 /* Debug */,
				06B366AF21FF5C0000AC4449 /* Release */,
			);
			defaultConfigurationIsVisible = 0;
			defaultConfigurationName = Release;
		};
		06B366B021FF5C0000AC4449 /* Build configuration list for PBXNativeTarget "DataStructure" */ = {
			isa = XCConfigurationList;
			buildConfigurations = (
				06B366B121FF5C0000AC4449 /* Debug */,
				06B366B221FF5C0000AC4449 /* Release */,
			);
			defaultConfigurationIsVisible = 0;
			defaultConfigurationName = Release;
		};
/* End XCConfigurationList section */
	};
	rootObject = 06B366A121FF5C0000AC4449 /* Project object */;
}
